{
	"name": "ASP.NET",
	"version": "1.0.0",
	"lockfileVersion": 1,
	"requires": true,
	"dependencies": {
		"abbrev": {
			"version": "1.1.1",
			"resolved": "https://registry.npmjs.org/abbrev/-/abbrev-1.1.1.tgz",
			"integrity": "sha512-nne9/IiQ/hzIhY6pdDnbBtz7DjPTKrY00P/zvPSm5pOFkl6xuGrGnXn/VtTNNfNtAfZ9/1RtehkszU9qcTii0Q=="
		},
		"angular": {
			"version": "1.6.9",
			"resolved": "https://registry.npmjs.org/angular/-/angular-1.6.9.tgz",
			"integrity": "sha512-6igWH2GIsxV+J38wNWCh8oyjaZsrIPIDO35twloIUyjlF2Yit6UyLAWujHP05ma/LFxTsx4NtYibRoMNBXPR1A==",
			"dev": true
		},
		"angular-chart.js": {
			"version": "1.1.1",
			"resolved": "https://registry.npmjs.org/angular-chart.js/-/angular-chart.js-1.1.1.tgz",
			"integrity": "sha1-SfDhjQgXYrbUyXkeSHr/L7sw9a4=",
			"dev": true,
			"requires": {
				"angular": "1.6.9",
				"chart.js": "2.3.0"
			}
		},
		"angularjs-datepicker": {
			"version": "2.1.23",
			"resolved": "https://registry.npmjs.org/angularjs-datepicker/-/angularjs-datepicker-2.1.23.tgz",
			"integrity": "sha1-ZJq4viz3dpKw/IEuKp2xgCIcJOU="
		},
		"argsparser": {
			"version": "0.0.7",
			"resolved": "https://registry.npmjs.org/argsparser/-/argsparser-0.0.7.tgz",
			"integrity": "sha1-QcheDD3nV7NQ8S5u0OSQsegtvgY="
		},
		"async": {
			"version": "0.1.22",
			"resolved": "https://registry.npmjs.org/async/-/async-0.1.22.tgz",
			"integrity": "sha1-D8GqoIig4+8Ovi2IMbqw3PiEUGE="
		},
		"bootstrap": {
			"version": "3.3.7",
			"resolved": "https://registry.npmjs.org/bootstrap/-/bootstrap-3.3.7.tgz",
			"integrity": "sha1-WjiTlFSfIzMIdaOxUGVldPip63E=",
			"dev": true
		},
		"chart.js": {
			"version": "2.3.0",
			"resolved": "https://registry.npmjs.org/chart.js/-/chart.js-2.3.0.tgz",
			"integrity": "sha1-QEYOSOLEF8BfwzJc2E97AA3H19Y=",
			"dev": true,
			"requires": {
				"chartjs-color": "2.2.0",
				"moment": "2.22.1"
			}
		},
		"chartjs-color": {
			"version": "2.2.0",
			"resolved": "https://registry.npmjs.org/chartjs-color/-/chartjs-color-2.2.0.tgz",
			"integrity": "sha1-hKL7dVeH7YXDndbdjHsdiEKbrq4=",
			"dev": true,
			"requires": {
				"chartjs-color-string": "0.5.0",
				"color-convert": "0.5.3"
			}
		},
		"chartjs-color-string": {
			"version": "0.5.0",
			"resolved": "https://registry.npmjs.org/chartjs-color-string/-/chartjs-color-string-0.5.0.tgz",
			"integrity": "sha512-amWNvCOXlOUYxZVDSa0YOab5K/lmEhbFNKI55PWc4mlv28BDzA7zaoQTGxSBgJMHIW+hGX8YUrvw/FH4LyhwSQ==",
			"dev": true,
			"requires": {
				"color-name": "1.1.3"
			}
		},
		"color-convert": {
			"version": "0.5.3",
			"resolved": "https://registry.npmjs.org/color-convert/-/color-convert-0.5.3.tgz",
			"integrity": "sha1-vbbGnOZg+t/+CwAHzER+G59ygr0=",
			"dev": true
		},
		"color-name": {
			"version": "1.1.3",
			"resolved": "https://registry.npmjs.org/color-name/-/color-name-1.1.3.tgz",
			"integrity": "sha1-p9BVi9icQveV3UIyj3QIMcpTvCU=",
			"dev": true
		},
		"colors": {
			"version": "0.6.2",
			"resolved": "https://registry.npmjs.org/colors/-/colors-0.6.2.tgz",
			"integrity": "sha1-JCP+ZnisDF2uiFLl0OW+CMmXq8w="
		},
		"connect": {
			"version": "1.8.7",
			"resolved": "https://registry.npmjs.org/connect/-/connect-1.8.7.tgz",
			"integrity": "sha1-tiAoGITUVfq5TGk9LbdIZS1sjBc=",
			"requires": {
				"formidable": "1.0.17",
				"mime": "2.3.1",
				"qs": "6.5.1"
			}
		},
		"crc32": {
			"version": "0.2.2",
			"resolved": "https://registry.npmjs.org/crc32/-/crc32-0.2.2.tgz",
			"integrity": "sha1-etIg1v/c0Rn5/BJ6d3LKzqOQpLo="
		},
		"csslint": {
			"version": "0.9.10",
			"resolved": "https://registry.npmjs.org/csslint/-/csslint-0.9.10.tgz",
			"integrity": "sha1-xBuptrn+x3vKhxEuces6Ig71m8Q="
		},
		"date-picker": {
			"version": "0.5.0",
			"resolved": "https://registry.npmjs.org/date-picker/-/date-picker-0.5.0.tgz",
			"integrity": "sha1-x05A/2voR6Ofj2P9ifX3wyIP8x4=",
			"requires": {
				"grunt": "0.3.9",
				"grunt-css": "0.2.1"
			}
		},
		"dateformat": {
			"version": "1.0.2-1.2.3",
			"resolved": "https://registry.npmjs.org/dateformat/-/dateformat-1.0.2-1.2.3.tgz",
			"integrity": "sha1-sCIMAt6YYXQztyhRz0fePfLNvuk="
		},
		"deflate-js": {
			"version": "0.2.3",
			"resolved": "https://registry.npmjs.org/deflate-js/-/deflate-js-0.2.3.tgz",
			"integrity": "sha1-+Fq7WOvFFRowYUdHPVfD5PfkQms="
		},
		"eyes": {
			"version": "0.1.8",
			"resolved": "https://registry.npmjs.org/eyes/-/eyes-0.1.8.tgz",
			"integrity": "sha1-Ys8SAjTGg3hdkCNIqADvPgzCC8A="
		},
		"formidable": {
			"version": "1.0.17",
			"resolved": "https://registry.npmjs.org/formidable/-/formidable-1.0.17.tgz",
			"integrity": "sha1-71SRSQ+UM7cF+qdyScmQKa40hVk="
		},
		"glob-whatev": {
			"version": "0.1.8",
			"resolved": "https://registry.npmjs.org/glob-whatev/-/glob-whatev-0.1.8.tgz",
			"integrity": "sha1-ozp2MmLlAehRvIT9IrVzbP84Jv0=",
			"requires": {
				"minimatch": "0.2.14"
			}
		},
		"grunt": {
			"version": "0.3.9",
			"resolved": "https://registry.npmjs.org/grunt/-/grunt-0.3.9.tgz",
			"integrity": "sha1-NlVmrKsJvqwwdcJLB5IQbsqDImQ=",
			"requires": {
				"async": "0.1.22",
				"colors": "0.6.2",
				"connect": "1.8.7",
				"dateformat": "1.0.2-1.2.3",
				"glob-whatev": "0.1.8",
				"gzip-js": "0.3.2",
				"hooker": "0.2.3",
				"jshint": "0.5.9",
				"nodeunit": "0.6.4",
				"nopt": "1.0.10",
				"prompt": "0.1.12",
				"semver": "1.0.14",
				"temporary": "0.0.8",
				"uglify-js": "1.0.7",
				"underscore": "1.2.4",
				"underscore.string": "2.1.1"
			}
		},
		"grunt-css": {
			"version": "0.2.1",
			"resolved": "https://registry.npmjs.org/grunt-css/-/grunt-css-0.2.1.tgz",
			"integrity": "sha1-RRV0EqDBOpM9Dd58WWQ69UheDwo=",
			"requires": {
				"csslint": "0.9.10",
				"grunt": "0.3.9",
				"sqwish": "0.2.2"
			}
		},
		"gzip-js": {
			"version": "0.3.2",
			"resolved": "https://registry.npmjs.org/gzip-js/-/gzip-js-0.3.2.tgz",
			"integrity": "sha1-IxF+/usozzhSSN7/Df+tiUg22Ws=",
			"requires": {
				"crc32": "0.2.2",
				"deflate-js": "0.2.3"
			}
		},
		"hooker": {
			"version": "0.2.3",
			"resolved": "https://registry.npmjs.org/hooker/-/hooker-0.2.3.tgz",
			"integrity": "sha1-uDT3I8xKJCqmWWNFnfbZhMXT2Vk="
		},
		"inherits": {
			"version": "2.0.3",
			"resolved": "https://registry.npmjs.org/inherits/-/inherits-2.0.3.tgz",
			"integrity": "sha1-Yzwsg+PaQqUC9SRmAiSA9CCCYd4="
		},
		"jquery": {
			"version": "3.3.1",
			"resolved": "https://registry.npmjs.org/jquery/-/jquery-3.3.1.tgz",
			"integrity": "sha512-Ubldcmxp5np52/ENotGxlLe6aGMvmF4R8S6tZjsP6Knsaxd/xp3Zrh50cG93lR6nPXyUFwzN3ZSOQI0wRJNdGg==",
			"dev": true
		},
		"jquery-ui": {
			"version": "1.12.1",
			"resolved": "https://registry.npmjs.org/jquery-ui/-/jquery-ui-1.12.1.tgz",
			"integrity": "sha1-vLQEXI3QU5wTS8FIjN0+dop6nlE="
		},
		"jshint": {
			"version": "0.5.9",
			"resolved": "https://registry.npmjs.org/jshint/-/jshint-0.5.9.tgz",
			"integrity": "sha1-zLW6nSgY3+eIV/6qccy6DLEK68k=",
			"requires": {
				"argsparser": "0.0.7",
				"minimatch": "0.2.14"
			}
		},
		"loggly": {
			"version": "0.3.11",
			"resolved": "https://registry.npmjs.org/loggly/-/loggly-0.3.11.tgz",
			"integrity": "sha1-YsHsNDZ3LwlUWY8muVfSrSmGthE=",
			"requires": {
				"request": "2.9.203",
				"timespan": "2.3.0"
			}
		},
		"lru-cache": {
			"version": "2.7.3",
			"resolved": "https://registry.npmjs.org/lru-cache/-/lru-cache-2.7.3.tgz",
			"integrity": "sha1-bUUk6LlV+V1PW1iFHOId1y+06VI="
		},
		"mime": {
			"version": "2.3.1",
			"resolved": "https://registry.npmjs.org/mime/-/mime-2.3.1.tgz",
			"integrity": "sha512-OEUllcVoydBHGN1z84yfQDimn58pZNNNXgZlHXSboxMlFvgI6MXSWpWKpFRra7H1HxpVhHTkrghfRW49k6yjeg=="
		},
		"minimatch": {
			"version": "0.2.14",
			"resolved": "https://registry.npmjs.org/minimatch/-/minimatch-0.2.14.tgz",
			"integrity": "sha1-x054BXT2PG+aCQ6Q775u9TpqdWo=",
			"requires": {
				"lru-cache": "2.7.3",
				"sigmund": "1.0.1"
			}
		},
		"moment": {
			"version": "2.22.1",
			"resolved": "https://registry.npmjs.org/moment/-/moment-2.22.1.tgz",
			"integrity": "sha512-shJkRTSebXvsVqk56I+lkb2latjBs8I+pc2TzWc545y2iFnSjm7Wg0QMh+ZWcdSLQyGEau5jI8ocnmkyTgr9YQ==",
			"dev": true
		},
		"nodeunit": {
			"version": "0.6.4",
			"resolved": "https://registry.npmjs.org/nodeunit/-/nodeunit-0.6.4.tgz",
			"integrity": "sha1-m9VDA1tvhtnbIDDYct7ihRPb9Jk=",
			"requires": {
				"tap-assert": "0.0.11",
				"tap-producer": "0.0.1"
			}
		},
		"nopt": {
			"version": "1.0.10",
			"resolved": "https://registry.npmjs.org/nopt/-/nopt-1.0.10.tgz",
			"integrity": "sha1-bd0hvSoxQXuScn3Vhfim83YI6+4=",
			"requires": {
				"abbrev": "1.1.1"
			}
		},
		"package": {
			"version": "1.0.1",
			"resolved": "https://registry.npmjs.org/package/-/package-1.0.1.tgz",
			"integrity": "sha1-0lofmeJQbcsn1nBLg9yooxLk7cw="
		},
		"pkginfo": {
			"version": "0.4.1",
			"resolved": "https://registry.npmjs.org/pkginfo/-/pkginfo-0.4.1.tgz",
			"integrity": "sha1-tUGO8EOd5UJfxJlQQtztFPsqhP8="
		},
		"prompt": {
			"version": "0.1.12",
			"resolved": "https://registry.npmjs.org/prompt/-/prompt-0.1.12.tgz",
			"integrity": "sha1-0xFOT7mFrGbqo1WG3Lez+zsnv8Y=",
			"requires": {
				"async": "0.1.22",
				"colors": "0.6.2",
				"pkginfo": "0.4.1",
				"winston": "0.5.11"
			}
		},
		"qs": {
			"version": "6.5.1",
			"resolved": "https://registry.npmjs.org/qs/-/qs-6.5.1.tgz",
			"integrity": "sha512-eRzhrN1WSINYCDCbrz796z37LOe3m5tmW7RQf6oBntukAG1nmovJvhnwHHRMAfeoItc1m2Hk02WER2aQ/iqs+A=="
		},
		"request": {
			"version": "2.9.203",
			"resolved": "https://registry.npmjs.org/request/-/request-2.9.203.tgz",
			"integrity": "sha1-bBcRpUB/uUoRQhlWPkQUW8v0cjo="
		},
		"semver": {
			"version": "1.0.14",
			"resolved": "https://registry.npmjs.org/semver/-/semver-1.0.14.tgz",
			"integrity": "sha1-ysXi1Vpvv5WMsiCuhEBFBxx49nY="
		},
		"sigmund": {
			"version": "1.0.1",
			"resolved": "https://registry.npmjs.org/sigmund/-/sigmund-1.0.1.tgz",
			"integrity": "sha1-P/IfGYytIXX587eBhT/ZTQ0ZtZA="
		},
		"sqwish": {
			"version": "0.2.2",
			"resolved": "https://registry.npmjs.org/sqwish/-/sqwish-0.2.2.tgz",
			"integrity": "sha1-AP4maBBPEii1u37nOe9gEhu8sFc="
		},
		"stack-trace": {
			"version": "0.0.10",
			"resolved": "https://registry.npmjs.org/stack-trace/-/stack-trace-0.0.10.tgz",
			"integrity": "sha1-VHxws0fo0ytOEI6hoqFZ5f3eGcA="
		},
		"tap-assert": {
			"version": "0.0.11",
			"resolved": "https://registry.npmjs.org/tap-assert/-/tap-assert-0.0.11.tgz",
			"integrity": "sha1-KscjZBJ0OhdUirwo7VOhFygNWWo="
		},
		"tap-producer": {
			"version": "0.0.1",
			"resolved": "https://registry.npmjs.org/tap-producer/-/tap-producer-0.0.1.tgz",
			"integrity": "sha1-C1cjE3LONiqtZXFcDW6kV1hpXWw=",
			"requires": {
				"inherits": "2.0.3",
				"tap-results": "0.0.2",
				"yamlish": "0.0.7"
			}
		},
		"tap-results": {
			"version": "0.0.2",
			"resolved": "https://registry.npmjs.org/tap-results/-/tap-results-0.0.2.tgz",
			"integrity": "sha1-oSTf56S2YnnG9lrtxU7Fl3RkJos=",
			"requires": {
				"inherits": "1.0.2"
			},
			"dependencies": {
				"inherits": {
					"version": "1.0.2",
					"resolved": "https://registry.npmjs.org/inherits/-/inherits-1.0.2.tgz",
					"integrity": "sha1-ykMJ2t7mtUzAuNJH6NfHoJdb3Js="
				}
			}
		},
		"temporary": {
			"version": "0.0.8",
			"resolved": "https://registry.npmjs.org/temporary/-/temporary-0.0.8.tgz",
			"integrity": "sha1-oYqYHSi6jKNgJ/s8MFOMPst0CsA=",
			"requires": {
				"package": "1.0.1"
			}
		},
		"timespan": {
			"version": "2.3.0",
			"resolved": "https://registry.npmjs.org/timespan/-/timespan-2.3.0.tgz",
			"integrity": "sha1-SQLOBAvRPYRcj1myfp1ZutbzmSk="
		},
		"uglify-js": {
			"version": "1.0.7",
			"resolved": "https://registry.npmjs.org/uglify-js/-/uglify-js-1.0.7.tgz",
			"integrity": "sha1-K3oQ5ij4gCmlU9K0u7F0CTQ3VcA="
		},
		"underscore": {
			"version": "1.2.4",
			"resolved": "https://registry.npmjs.org/underscore/-/underscore-1.2.4.tgz",
			"integrity": "sha1-6NpiQaoG9k3yRzuyWQuMF8hMPH4="
		},
		"underscore.string": {
			"version": "2.1.1",
			"resolved": "https://registry.npmjs.org/underscore.string/-/underscore.string-2.1.1.tgz",
			"integrity": "sha1-RYOXeZEUubZ/YDC7UnsK+uaJwGE="
		},
		"winston": {
			"version": "0.5.11",
			"resolved": "https://registry.npmjs.org/winston/-/winston-0.5.11.tgz",
			"integrity": "sha1-nYTq2YGkl6kt33ZhYTer72YcQU8=",
			"requires": {
				"async": "0.1.22",
				"colors": "0.6.2",
				"eyes": "0.1.8",
				"loggly": "0.3.11",
				"pkginfo": "0.2.3",
				"stack-trace": "0.0.10"
			},
			"dependencies": {
				"pkginfo": {
					"version": "0.2.3",
					"resolved": "https://registry.npmjs.org/pkginfo/-/pkginfo-0.2.3.tgz",
					"integrity": "sha1-cjnEKl72wwuPMoQ52bn/cQQkkPg="
				}
			}
		},
		"yamlish": {
			"version": "0.0.7",
			"resolved": "https://registry.npmjs.org/yamlish/-/yamlish-0.0.7.tgz",
			"integrity": "sha1-tK+aHcxjYYhzw9bkUewyE8OaV/s="
		}
	}
}
